// !$*UTF8*$!
{
	archiveVersion = 1;
	classes = {
	};
	objectVersion = 56;
	objects = {

/* Begin PBXBuildFile section */
		BA533B732C7A54AD006D849E /* HomeView.swift in Sources */ = {isa = PBXBuildFile; fileRef = BA533B722C7A54AD006D849E /* HomeView.swift */; };
		BA533B752C7A54C1006D849E /* DatabaseView.swift in Sources */ = {isa = PBXBuildFile; fileRef = BA533B742C7A54C1006D849E /* DatabaseView.swift */; };
		BA533B7C2C7A57EC006D849E /* AnalyticView.swift in Sources */ = {isa = PBXBuildFile; fileRef = BA533B7B2C7A57EC006D849E /* AnalyticView.swift */; };
		BA533B7E2C7A674E006D849E /* ALGProducts.swift in Sources */ = {isa = PBXBuildFile; fileRef = BA533B7D2C7A674E006D849E /* ALGProducts.swift */; };
		BA533B802C7A6764006D849E /* WeightProducts.swift in Sources */ = {isa = PBXBuildFile; fileRef = BA533B7F2C7A6764006D849E /* WeightProducts.swift */; };
		BA533B832C7A6B86006D849E /* ProductViewModel.swift in Sources */ = {isa = PBXBuildFile; fileRef = BA533B822C7A6B86006D849E /* ProductViewModel.swift */; };
		BA533B892C7A6C21006D849E /* ProductMeatModel.swift in Sources */ = {isa = PBXBuildFile; fileRef = BA533B882C7A6C21006D849E /* ProductMeatModel.swift */; };
		BA533B8B2C7A6C36006D849E /* ProductModel.swift in Sources */ = {isa = PBXBuildFile; fileRef = BA533B8A2C7A6C36006D849E /* ProductModel.swift */; };
		BA533B8E2C7B314D006D849E /* Utilis.swift in Sources */ = {isa = PBXBuildFile; fileRef = BA533B8D2C7B314D006D849E /* Utilis.swift */; };
		BA5BE78E2C7DED6C0041A891 /* ALGDetail.swift in Sources */ = {isa = PBXBuildFile; fileRef = BA5BE78D2C7DED6C0041A891 /* ALGDetail.swift */; };
		BA5BE7902C7DFAD90041A891 /* WeightDetail.swift in Sources */ = {isa = PBXBuildFile; fileRef = BA5BE78F2C7DFAD90041A891 /* WeightDetail.swift */; };
		BAB8B4C12C7A1EBC00094339 /* FoodDeliveryAdminApp.swift in Sources */ = {isa = PBXBuildFile; fileRef = BAB8B4C02C7A1EBC00094339 /* FoodDeliveryAdminApp.swift */; };
		BAB8B4C32C7A1EBC00094339 /* ContentView.swift in Sources */ = {isa = PBXBuildFile; fileRef = BAB8B4C22C7A1EBC00094339 /* ContentView.swift */; };
		BAB8B4C52C7A1EBD00094339 /* Assets.xcassets in Resources */ = {isa = PBXBuildFile; fileRef = BAB8B4C42C7A1EBD00094339 /* Assets.xcassets */; };
		BAB8B4C82C7A1EBD00094339 /* Preview Assets.xcassets in Resources */ = {isa = PBXBuildFile; fileRef = BAB8B4C72C7A1EBD00094339 /* Preview Assets.xcassets */; };
		BAB8B4D22C7A1EBE00094339 /* FoodDeliveryAdminTests.swift in Sources */ = {isa = PBXBuildFile; fileRef = BAB8B4D12C7A1EBE00094339 /* FoodDeliveryAdminTests.swift */; };
		BAB8B4DC2C7A1EBE00094339 /* FoodDeliveryAdminUITests.swift in Sources */ = {isa = PBXBuildFile; fileRef = BAB8B4DB2C7A1EBE00094339 /* FoodDeliveryAdminUITests.swift */; };
		BAB8B4DE2C7A1EBE00094339 /* FoodDeliveryAdminUITestsLaunchTests.swift in Sources */ = {isa = PBXBuildFile; fileRef = BAB8B4DD2C7A1EBE00094339 /* FoodDeliveryAdminUITestsLaunchTests.swift */; };
		BAB8B4ED2C7A203D00094339 /* LoginView.swift in Sources */ = {isa = PBXBuildFile; fileRef = BAB8B4EC2C7A203D00094339 /* LoginView.swift */; };
		BAB8B4EF2C7A238E00094339 /* AuthViewModel.swift in Sources */ = {isa = PBXBuildFile; fileRef = BAB8B4EE2C7A238E00094339 /* AuthViewModel.swift */; };
		BAB8B4F12C7A243500094339 /* GoogleService-Info.plist in Resources */ = {isa = PBXBuildFile; fileRef = BAB8B4F02C7A243500094339 /* GoogleService-Info.plist */; };
		BAB8B4F42C7A251300094339 /* FirebaseAnalytics in Frameworks */ = {isa = PBXBuildFile; productRef = BAB8B4F32C7A251300094339 /* FirebaseAnalytics */; };
		BAB8B4F62C7A251300094339 /* FirebaseAuth in Frameworks */ = {isa = PBXBuildFile; productRef = BAB8B4F52C7A251300094339 /* FirebaseAuth */; };
		BAB8B4F82C7A251300094339 /* FirebaseDatabase in Frameworks */ = {isa = PBXBuildFile; productRef = BAB8B4F72C7A251300094339 /* FirebaseDatabase */; };
		BAB8B4FA2C7A251300094339 /* FirebaseFirestore in Frameworks */ = {isa = PBXBuildFile; productRef = BAB8B4F92C7A251300094339 /* FirebaseFirestore */; };
		BAB8B4FC2C7A251300094339 /* FirebaseStorage in Frameworks */ = {isa = PBXBuildFile; productRef = BAB8B4FB2C7A251300094339 /* FirebaseStorage */; };
		BAB8B4FF2C7A252A00094339 /* FirebaseAuthCombine-Community in Frameworks */ = {isa = PBXBuildFile; productRef = BAB8B4FE2C7A252A00094339 /* FirebaseAuthCombine-Community */; };
		BAB8B5012C7A252A00094339 /* FirebaseCrashlytics in Frameworks */ = {isa = PBXBuildFile; productRef = BAB8B5002C7A252A00094339 /* FirebaseCrashlytics */; };
		BAB8B5032C7A2C0200094339 /* FireUser.swift in Sources */ = {isa = PBXBuildFile; fileRef = BAB8B5022C7A2C0200094339 /* FireUser.swift */; };
		BAB8B5052C7A2D3E00094339 /* AdressModel.swift in Sources */ = {isa = PBXBuildFile; fileRef = BAB8B5042C7A2D3E00094339 /* AdressModel.swift */; };
/* End PBXBuildFile section */

/* Begin PBXContainerItemProxy section */
		BAB8B4CE2C7A1EBE00094339 /* PBXContainerItemProxy */ = {
			isa = PBXContainerItemProxy;
			containerPortal = BAB8B4B52C7A1EBC00094339 /* Project object */;
			proxyType = 1;
			remoteGlobalIDString = BAB8B4BC2C7A1EBC00094339;
			remoteInfo = FoodDeliveryAdmin;
		};
		BAB8B4D82C7A1EBE00094339 /* PBXContainerItemProxy */ = {
			isa = PBXContainerItemProxy;
			containerPortal = BAB8B4B52C7A1EBC00094339 /* Project object */;
			proxyType = 1;
			remoteGlobalIDString = BAB8B4BC2C7A1EBC00094339;
			remoteInfo = FoodDeliveryAdmin;
		};
/* End PBXContainerItemProxy section */

/* Begin PBXFileReference section */
		BA533B722C7A54AD006D849E /* HomeView.swift */ = {isa = PBXFileReference; lastKnownFileType = sourcecode.swift; path = HomeView.swift; sourceTree = "<group>"; };
		BA533B742C7A54C1006D849E /* DatabaseView.swift */ = {isa = PBXFileReference; lastKnownFileType = sourcecode.swift; path = DatabaseView.swift; sourceTree = "<group>"; };
		BA533B7B2C7A57EC006D849E /* AnalyticView.swift */ = {isa = PBXFileReference; lastKnownFileType = sourcecode.swift; path = AnalyticView.swift; sourceTree = "<group>"; };
		BA533B7D2C7A674E006D849E /* ALGProducts.swift */ = {isa = PBXFileReference; lastKnownFileType = sourcecode.swift; path = ALGProducts.swift; sourceTree = "<group>"; };
		BA533B7F2C7A6764006D849E /* WeightProducts.swift */ = {isa = PBXFileReference; lastKnownFileType = sourcecode.swift; path = WeightProducts.swift; sourceTree = "<group>"; };
		BA533B822C7A6B86006D849E /* ProductViewModel.swift */ = {isa = PBXFileReference; lastKnownFileType = sourcecode.swift; path = ProductViewModel.swift; sourceTree = "<group>"; };
		BA533B882C7A6C21006D849E /* ProductMeatModel.swift */ = {isa = PBXFileReference; lastKnownFileType = sourcecode.swift; path = ProductMeatModel.swift; sourceTree = "<group>"; };
		BA533B8A2C7A6C36006D849E /* ProductModel.swift */ = {isa = PBXFileReference; lastKnownFileType = sourcecode.swift; path = ProductModel.swift; sourceTree = "<group>"; };
		BA533B8D2C7B314D006D849E /* Utilis.swift */ = {isa = PBXFileReference; lastKnownFileType = sourcecode.swift; path = Utilis.swift; sourceTree = "<group>"; };
		BA5BE78D2C7DED6C0041A891 /* ALGDetail.swift */ = {isa = PBXFileReference; lastKnownFileType = sourcecode.swift; path = ALGDetail.swift; sourceTree = "<group>"; };
		BA5BE78F2C7DFAD90041A891 /* WeightDetail.swift */ = {isa = PBXFileReference; lastKnownFileType = sourcecode.swift; path = WeightDetail.swift; sourceTree = "<group>"; };
		BAB8B4BD2C7A1EBC00094339 /* FoodDeliveryAdmin.app */ = {isa = PBXFileReference; explicitFileType = wrapper.application; includeInIndex = 0; path = FoodDeliveryAdmin.app; sourceTree = BUILT_PRODUCTS_DIR; };
		BAB8B4C02C7A1EBC00094339 /* FoodDeliveryAdminApp.swift */ = {isa = PBXFileReference; lastKnownFileType = sourcecode.swift; path = FoodDeliveryAdminApp.swift; sourceTree = "<group>"; };
		BAB8B4C22C7A1EBC00094339 /* ContentView.swift */ = {isa = PBXFileReference; lastKnownFileType = sourcecode.swift; path = ContentView.swift; sourceTree = "<group>"; };
		BAB8B4C42C7A1EBD00094339 /* Assets.xcassets */ = {isa = PBXFileReference; lastKnownFileType = folder.assetcatalog; path = Assets.xcassets; sourceTree = "<group>"; };
		BAB8B4C72C7A1EBD00094339 /* Preview Assets.xcassets */ = {isa = PBXFileReference; lastKnownFileType = folder.assetcatalog; path = "Preview Assets.xcassets"; sourceTree = "<group>"; };
		BAB8B4CD2C7A1EBE00094339 /* FoodDeliveryAdminTests.xctest */ = {isa = PBXFileReference; explicitFileType = wrapper.cfbundle; includeInIndex = 0; path = FoodDeliveryAdminTests.xctest; sourceTree = BUILT_PRODUCTS_DIR; };
		BAB8B4D12C7A1EBE00094339 /* FoodDeliveryAdminTests.swift */ = {isa = PBXFileReference; lastKnownFileType = sourcecode.swift; path = FoodDeliveryAdminTests.swift; sourceTree = "<group>"; };
		BAB8B4D72C7A1EBE00094339 /* FoodDeliveryAdminUITests.xctest */ = {isa = PBXFileReference; explicitFileType = wrapper.cfbundle; includeInIndex = 0; path = FoodDeliveryAdminUITests.xctest; sourceTree = BUILT_PRODUCTS_DIR; };
		BAB8B4DB2C7A1EBE00094339 /* FoodDeliveryAdminUITests.swift */ = {isa = PBXFileReference; lastKnownFileType = sourcecode.swift; path = FoodDeliveryAdminUITests.swift; sourceTree = "<group>"; };
		BAB8B4DD2C7A1EBE00094339 /* FoodDeliveryAdminUITestsLaunchTests.swift */ = {isa = PBXFileReference; lastKnownFileType = sourcecode.swift; path = FoodDeliveryAdminUITestsLaunchTests.swift; sourceTree = "<group>"; };
		BAB8B4EC2C7A203D00094339 /* LoginView.swift */ = {isa = PBXFileReference; lastKnownFileType = sourcecode.swift; path = LoginView.swift; sourceTree = "<group>"; };
		BAB8B4EE2C7A238E00094339 /* AuthViewModel.swift */ = {isa = PBXFileReference; lastKnownFileType = sourcecode.swift; path = AuthViewModel.swift; sourceTree = "<group>"; };
		BAB8B4F02C7A243500094339 /* GoogleService-Info.plist */ = {isa = PBXFileReference; fileEncoding = 4; lastKnownFileType = text.plist.xml; name = "GoogleService-Info.plist"; path = "FoodDeliveryAdminUITests/GoogleService-Info.plist"; sourceTree = SOURCE_ROOT; };
		BAB8B5022C7A2C0200094339 /* FireUser.swift */ = {isa = PBXFileReference; lastKnownFileType = sourcecode.swift; path = FireUser.swift; sourceTree = "<group>"; };
		BAB8B5042C7A2D3E00094339 /* AdressModel.swift */ = {isa = PBXFileReference; lastKnownFileType = sourcecode.swift; path = AdressModel.swift; sourceTree = "<group>"; };
/* End PBXFileReference section */

/* Begin PBXFrameworksBuildPhase section */
		BAB8B4BA2C7A1EBC00094339 /* Frameworks */ = {
			isa = PBXFrameworksBuildPhase;
			buildActionMask = 2147483647;
			files = (
				BAB8B4F82C7A251300094339 /* FirebaseDatabase in Frameworks */,
				BAB8B4FF2C7A252A00094339 /* FirebaseAuthCombine-Community in Frameworks */,
				BAB8B4FA2C7A251300094339 /* FirebaseFirestore in Frameworks */,
				BAB8B5012C7A252A00094339 /* FirebaseCrashlytics in Frameworks */,
				BAB8B4F42C7A251300094339 /* FirebaseAnalytics in Frameworks */,
				BAB8B4FC2C7A251300094339 /* FirebaseStorage in Frameworks */,
				BAB8B4F62C7A251300094339 /* FirebaseAuth in Frameworks */,
			);
			runOnlyForDeploymentPostprocessing = 0;
		};
		BAB8B4CA2C7A1EBE00094339 /* Frameworks */ = {
			isa = PBXFrameworksBuildPhase;
			buildActionMask = 2147483647;
			files = (
			);
			runOnlyForDeploymentPostprocessing = 0;
		};
		BAB8B4D42C7A1EBE00094339 /* Frameworks */ = {
			isa = PBXFrameworksBuildPhase;
			buildActionMask = 2147483647;
			files = (
			);
			runOnlyForDeploymentPostprocessing = 0;
		};
/* End PBXFrameworksBuildPhase section */

/* Begin PBXGroup section */
		BA533B712C7A5497006D849E /* Views */ = {
			isa = PBXGroup;
			children = (
				BAB6E5E52C7D306800B39E5D /* TabBar */,
				BAB8B4EB2C7A202700094339 /* LoginView */,
			);
			name = Views;
			sourceTree = "<group>";
		};
		BA533B772C7A54D4006D849E /* DataBaseView */ = {
			isa = PBXGroup;
			children = (
				BA533B742C7A54C1006D849E /* DatabaseView.swift */,
			);
			name = DataBaseView;
			sourceTree = "<group>";
		};
		BA533B782C7A54E3006D849E /* HomeView */ = {
			isa = PBXGroup;
			children = (
				BA533B722C7A54AD006D849E /* HomeView.swift */,
				BA533B7D2C7A674E006D849E /* ALGProducts.swift */,
				BA533B7F2C7A6764006D849E /* WeightProducts.swift */,
			);
			name = HomeView;
			sourceTree = "<group>";
		};
		BA533B7A2C7A57D6006D849E /* AnalytricView */ = {
			isa = PBXGroup;
			children = (
				BA533B7B2C7A57EC006D849E /* AnalyticView.swift */,
			);
			name = AnalytricView;
			sourceTree = "<group>";
		};
		BA533B812C7A6B74006D849E /* ViewModels */ = {
			isa = PBXGroup;
			children = (
				BA533B822C7A6B86006D849E /* ProductViewModel.swift */,
			);
			name = ViewModels;
			sourceTree = "<group>";
		};
		BA533B872C7A6BEF006D849E /* Models */ = {
			isa = PBXGroup;
			children = (
				BA533B882C7A6C21006D849E /* ProductMeatModel.swift */,
				BA533B8A2C7A6C36006D849E /* ProductModel.swift */,
			);
			name = Models;
			path = ..;
			sourceTree = "<group>";
		};
		BAB6E5E42C7D305400B39E5D /* DetailViews */ = {
			isa = PBXGroup;
			children = (
				BA5BE78D2C7DED6C0041A891 /* ALGDetail.swift */,
				BA5BE78F2C7DFAD90041A891 /* WeightDetail.swift */,
			);
			name = DetailViews;
			sourceTree = "<group>";
		};
		BAB6E5E52C7D306800B39E5D /* TabBar */ = {
			isa = PBXGroup;
			children = (
				BA533B782C7A54E3006D849E /* HomeView */,
				BA533B772C7A54D4006D849E /* DataBaseView */,
				BA533B7A2C7A57D6006D849E /* AnalytricView */,
			);
			name = TabBar;
			sourceTree = "<group>";
		};
		BAB8B4B42C7A1EBC00094339 = {
			isa = PBXGroup;
			children = (
				BAB8B4BF2C7A1EBC00094339 /* FoodDeliveryAdmin */,
				BAB8B4D02C7A1EBE00094339 /* FoodDeliveryAdminTests */,
				BAB8B4DA2C7A1EBE00094339 /* FoodDeliveryAdminUITests */,
				BAB8B4BE2C7A1EBC00094339 /* Products */,
				BAB8B4FD2C7A252A00094339 /* Frameworks */,
			);
			sourceTree = "<group>";
		};
		BAB8B4BE2C7A1EBC00094339 /* Products */ = {
			isa = PBXGroup;
			children = (
				BAB8B4BD2C7A1EBC00094339 /* FoodDeliveryAdmin.app */,
				BAB8B4CD2C7A1EBE00094339 /* FoodDeliveryAdminTests.xctest */,
				BAB8B4D72C7A1EBE00094339 /* FoodDeliveryAdminUITests.xctest */,
			);
			name = Products;
			sourceTree = "<group>";
		};
		BAB8B4BF2C7A1EBC00094339 /* FoodDeliveryAdmin */ = {
			isa = PBXGroup;
			children = (
				BA533B872C7A6BEF006D849E /* Models */,
				BA533B712C7A5497006D849E /* Views */,
				BAB6E5E42C7D305400B39E5D /* DetailViews */,
				BA533B812C7A6B74006D849E /* ViewModels */,
				BAB8B4C02C7A1EBC00094339 /* FoodDeliveryAdminApp.swift */,
				BAB8B4C22C7A1EBC00094339 /* ContentView.swift */,
				BAB8B4C42C7A1EBD00094339 /* Assets.xcassets */,
				BAB8B4C62C7A1EBD00094339 /* Preview Content */,
				BA533B8D2C7B314D006D849E /* Utilis.swift */,
			);
			path = FoodDeliveryAdmin;
			sourceTree = "<group>";
		};
		BAB8B4C62C7A1EBD00094339 /* Preview Content */ = {
			isa = PBXGroup;
			children = (
				BAB8B4C72C7A1EBD00094339 /* Preview Assets.xcassets */,
			);
			path = "Preview Content";
			sourceTree = "<group>";
		};
		BAB8B4D02C7A1EBE00094339 /* FoodDeliveryAdminTests */ = {
			isa = PBXGroup;
			children = (
				BAB8B4D12C7A1EBE00094339 /* FoodDeliveryAdminTests.swift */,
			);
			path = FoodDeliveryAdminTests;
			sourceTree = "<group>";
		};
		BAB8B4DA2C7A1EBE00094339 /* FoodDeliveryAdminUITests */ = {
			isa = PBXGroup;
			children = (
				BAB8B4DB2C7A1EBE00094339 /* FoodDeliveryAdminUITests.swift */,
				BAB8B4DD2C7A1EBE00094339 /* FoodDeliveryAdminUITestsLaunchTests.swift */,
			);
			path = FoodDeliveryAdminUITests;
			sourceTree = "<group>";
		};
		BAB8B4EB2C7A202700094339 /* LoginView */ = {
			isa = PBXGroup;
			children = (
				BAB8B4EC2C7A203D00094339 /* LoginView.swift */,
				BAB8B4EE2C7A238E00094339 /* AuthViewModel.swift */,
				BAB8B5022C7A2C0200094339 /* FireUser.swift */,
				BAB8B4F02C7A243500094339 /* GoogleService-Info.plist */,
				BAB8B5042C7A2D3E00094339 /* AdressModel.swift */,
			);
			name = LoginView;
			sourceTree = "<group>";
		};
		BAB8B4FD2C7A252A00094339 /* Frameworks */ = {
			isa = PBXGroup;
			children = (
			);
			name = Frameworks;
			sourceTree = "<group>";
		};
/* End PBXGroup section */

/* Begin PBXNativeTarget section */
		BAB8B4BC2C7A1EBC00094339 /* FoodDeliveryAdmin */ = {
			isa = PBXNativeTarget;
			buildConfigurationList = BAB8B4E12C7A1EBE00094339 /* Build configuration list for PBXNativeTarget "FoodDeliveryAdmin" */;
			buildPhases = (
				BAB8B4B92C7A1EBC00094339 /* Sources */,
				BAB8B4BA2C7A1EBC00094339 /* Frameworks */,
				BAB8B4BB2C7A1EBC00094339 /* Resources */,
			);
			buildRules = (
			);
			dependencies = (
			);
			name = FoodDeliveryAdmin;
			packageProductDependencies = (
				BAB8B4F32C7A251300094339 /* FirebaseAnalytics */,
				BAB8B4F52C7A251300094339 /* FirebaseAuth */,
				BAB8B4F72C7A251300094339 /* FirebaseDatabase */,
				BAB8B4F92C7A251300094339 /* FirebaseFirestore */,
				BAB8B4FB2C7A251300094339 /* FirebaseStorage */,
				BAB8B4FE2C7A252A00094339 /* FirebaseAuthCombine-Community */,
				BAB8B5002C7A252A00094339 /* FirebaseCrashlytics */,
			);
			productName = FoodDeliveryAdmin;
			productReference = BAB8B4BD2C7A1EBC00094339 /* FoodDeliveryAdmin.app */;
			productType = "com.apple.product-type.application";
		};
		BAB8B4CC2C7A1EBE00094339 /* FoodDeliveryAdminTests */ = {
			isa = PBXNativeTarget;
			buildConfigurationList = BAB8B4E42C7A1EBE00094339 /* Build configuration list for PBXNativeTarget "FoodDeliveryAdminTests" */;
			buildPhases = (
				BAB8B4C92C7A1EBE00094339 /* Sources */,
				BAB8B4CA2C7A1EBE00094339 /* Frameworks */,
				BAB8B4CB2C7A1EBE00094339 /* Resources */,
			);
			buildRules = (
			);
			dependencies = (
				BAB8B4CF2C7A1EBE00094339 /* PBXTargetDependency */,
			);
			name = FoodDeliveryAdminTests;
			productName = FoodDeliveryAdminTests;
			productReference = BAB8B4CD2C7A1EBE00094339 /* FoodDeliveryAdminTests.xctest */;
			productType = "com.apple.product-type.bundle.unit-test";
		};
		BAB8B4D62C7A1EBE00094339 /* FoodDeliveryAdminUITests */ = {
			isa = PBXNativeTarget;
			buildConfigurationList = BAB8B4E72C7A1EBE00094339 /* Build configuration list for PBXNativeTarget "FoodDeliveryAdminUITests" */;
			buildPhases = (
				BAB8B4D32C7A1EBE00094339 /* Sources */,
				BAB8B4D42C7A1EBE00094339 /* Frameworks */,
				BAB8B4D52C7A1EBE00094339 /* Resources */,
			);
			buildRules = (
			);
			dependencies = (
				BAB8B4D92C7A1EBE00094339 /* PBXTargetDependency */,
			);
			name = FoodDeliveryAdminUITests;
			productName = FoodDeliveryAdminUITests;
			productReference = BAB8B4D72C7A1EBE00094339 /* FoodDeliveryAdminUITests.xctest */;
			productType = "com.apple.product-type.bundle.ui-testing";
		};
/* End PBXNativeTarget section */

/* Begin PBXProject section */
		BAB8B4B52C7A1EBC00094339 /* Project object */ = {
			isa = PBXProject;
			attributes = {
				BuildIndependentTargetsInParallel = 1;
				LastSwiftUpdateCheck = 1540;
				LastUpgradeCheck = 1540;
				TargetAttributes = {
					BAB8B4BC2C7A1EBC00094339 = {
						CreatedOnToolsVersion = 15.4;
					};
					BAB8B4CC2C7A1EBE00094339 = {
						CreatedOnToolsVersion = 15.4;
						TestTargetID = BAB8B4BC2C7A1EBC00094339;
					};
					BAB8B4D62C7A1EBE00094339 = {
						CreatedOnToolsVersion = 15.4;
						TestTargetID = BAB8B4BC2C7A1EBC00094339;
					};
				};
			};
			buildConfigurationList = BAB8B4B82C7A1EBC00094339 /* Build configuration list for PBXProject "FoodDeliveryAdmin" */;
			compatibilityVersion = "Xcode 14.0";
			developmentRegion = en;
			hasScannedForEncodings = 0;
			knownRegions = (
				en,
				Base,
			);
			mainGroup = BAB8B4B42C7A1EBC00094339;
			packageReferences = (
				BAB8B4F22C7A251300094339 /* XCRemoteSwiftPackageReference "firebase-ios-sdk" */,
			);
			productRefGroup = BAB8B4BE2C7A1EBC00094339 /* Products */;
			projectDirPath = "";
			projectRoot = "";
			targets = (
				BAB8B4BC2C7A1EBC00094339 /* FoodDeliveryAdmin */,
				BAB8B4CC2C7A1EBE00094339 /* FoodDeliveryAdminTests */,
				BAB8B4D62C7A1EBE00094339 /* FoodDeliveryAdminUITests */,
			);
		};
/* End PBXProject section */

/* Begin PBXResourcesBuildPhase section */
		BAB8B4BB2C7A1EBC00094339 /* Resources */ = {
			isa = PBXResourcesBuildPhase;
			buildActionMask = 2147483647;
			files = (
				BAB8B4C82C7A1EBD00094339 /* Preview Assets.xcassets in Resources */,
				BAB8B4C52C7A1EBD00094339 /* Assets.xcassets in Resources */,
				BAB8B4F12C7A243500094339 /* GoogleService-Info.plist in Resources */,
			);
			runOnlyForDeploymentPostprocessing = 0;
		};
		BAB8B4CB2C7A1EBE00094339 /* Resources */ = {
			isa = PBXResourcesBuildPhase;
			buildActionMask = 2147483647;
			files = (
			);
			runOnlyForDeploymentPostprocessing = 0;
		};
		BAB8B4D52C7A1EBE00094339 /* Resources */ = {
			isa = PBXResourcesBuildPhase;
			buildActionMask = 2147483647;
			files = (
			);
			runOnlyForDeploymentPostprocessing = 0;
		};
/* End PBXResourcesBuildPhase section */

/* Begin PBXSourcesBuildPhase section */
		BAB8B4B92C7A1EBC00094339 /* Sources */ = {
			isa = PBXSourcesBuildPhase;
			buildActionMask = 2147483647;
			files = (
				BAB8B4EF2C7A238E00094339 /* AuthViewModel.swift in Sources */,
				BA5BE78E2C7DED6C0041A891 /* ALGDetail.swift in Sources */,
				BA5BE7902C7DFAD90041A891 /* WeightDetail.swift in Sources */,
				BA533B732C7A54AD006D849E /* HomeView.swift in Sources */,
				BA533B832C7A6B86006D849E /* ProductViewModel.swift in Sources */,
				BA533B7C2C7A57EC006D849E /* AnalyticView.swift in Sources */,
				BAB8B5032C7A2C0200094339 /* FireUser.swift in Sources */,
				BA533B8B2C7A6C36006D849E /* ProductModel.swift in Sources */,
				BA533B802C7A6764006D849E /* WeightProducts.swift in Sources */,
				BA533B7E2C7A674E006D849E /* ALGProducts.swift in Sources */,
				BA533B8E2C7B314D006D849E /* Utilis.swift in Sources */,
				BA533B892C7A6C21006D849E /* ProductMeatModel.swift in Sources */,
				BAB8B4ED2C7A203D00094339 /* LoginView.swift in Sources */,
				BAB8B4C32C7A1EBC00094339 /* ContentView.swift in Sources */,
				BA533B752C7A54C1006D849E /* DatabaseView.swift in Sources */,
				BAB8B4C12C7A1EBC00094339 /* FoodDeliveryAdminApp.swift in Sources */,
				BAB8B5052C7A2D3E00094339 /* AdressModel.swift in Sources */,
			);
			runOnlyForDeploymentPostprocessing = 0;
		};
		BAB8B4C92C7A1EBE00094339 /* Sources */ = {
			isa = PBXSourcesBuildPhase;
			buildActionMask = 2147483647;
			files = (
				BAB8B4D22C7A1EBE00094339 /* FoodDeliveryAdminTests.swift in Sources */,
			);
			runOnlyForDeploymentPostprocessing = 0;
		};
		BAB8B4D32C7A1EBE00094339 /* Sources */ = {
			isa = PBXSourcesBuildPhase;
			buildActionMask = 2147483647;
			files = (
				BAB8B4DE2C7A1EBE00094339 /* FoodDeliveryAdminUITestsLaunchTests.swift in Sources */,
				BAB8B4DC2C7A1EBE00094339 /* FoodDeliveryAdminUITests.swift in Sources */,
			);
			runOnlyForDeploymentPostprocessing = 0;
		};
/* End PBXSourcesBuildPhase section */

/* Begin PBXTargetDependency section */
		BAB8B4CF2C7A1EBE00094339 /* PBXTargetDependency */ = {
			isa = PBXTargetDependency;
			target = BAB8B4BC2C7A1EBC00094339 /* FoodDeliveryAdmin */;
			targetProxy = BAB8B4CE2C7A1EBE00094339 /* PBXContainerItemProxy */;
		};
		BAB8B4D92C7A1EBE00094339 /* PBXTargetDependency */ = {
			isa = PBXTargetDependency;
			target = BAB8B4BC2C7A1EBC00094339 /* FoodDeliveryAdmin */;
			targetProxy = BAB8B4D82C7A1EBE00094339 /* PBXContainerItemProxy */;
		};
/* End PBXTargetDependency section */

/* Begin XCBuildConfiguration section */
		BAB8B4DF2C7A1EBE00094339 /* Debug */ = {
			isa = XCBuildConfiguration;
			buildSettings = {
				ALWAYS_SEARCH_USER_PATHS = NO;
				ASSETCATALOG_COMPILER_GENERATE_SWIFT_ASSET_SYMBOL_EXTENSIONS = YES;
				CLANG_ANALYZER_NONNULL = YES;
				CLANG_ANALYZER_NUMBER_OBJECT_CONVERSION = YES_AGGRESSIVE;
				CLANG_CXX_LANGUAGE_STANDARD = "gnu++20";
				CLANG_ENABLE_MODULES = YES;
				CLANG_ENABLE_OBJC_ARC = YES;
				CLANG_ENABLE_OBJC_WEAK = YES;
				CLANG_WARN_BLOCK_CAPTURE_AUTORELEASING = YES;
				CLANG_WARN_BOOL_CONVERSION = YES;
				CLANG_WARN_COMMA = YES;
				CLANG_WARN_CONSTANT_CONVERSION = YES;
				CLANG_WARN_DEPRECATED_OBJC_IMPLEMENTATIONS = YES;
				CLANG_WARN_DIRECT_OBJC_ISA_USAGE = YES_ERROR;
				CLANG_WARN_DOCUMENTATION_COMMENTS = YES;
				CLANG_WARN_EMPTY_BODY = YES;
				CLANG_WARN_ENUM_CONVERSION = YES;
				CLANG_WARN_INFINITE_RECURSION = YES;
				CLANG_WARN_INT_CONVERSION = YES;
				CLANG_WARN_NON_LITERAL_NULL_CONVERSION = YES;
				CLANG_WARN_OBJC_IMPLICIT_RETAIN_SELF = YES;
				CLANG_WARN_OBJC_LITERAL_CONVERSION = YES;
				CLANG_WARN_OBJC_ROOT_CLASS = YES_ERROR;
				CLANG_WARN_QUOTED_INCLUDE_IN_FRAMEWORK_HEADER = YES;
				CLANG_WARN_RANGE_LOOP_ANALYSIS = YES;
				CLANG_WARN_STRICT_PROTOTYPES = YES;
				CLANG_WARN_SUSPICIOUS_MOVE = YES;
				CLANG_WARN_UNGUARDED_AVAILABILITY = YES_AGGRESSIVE;
				CLANG_WARN_UNREACHABLE_CODE = YES;
				CLANG_WARN__DUPLICATE_METHOD_MATCH = YES;
				COPY_PHASE_STRIP = NO;
				DEBUG_INFORMATION_FORMAT = dwarf;
				ENABLE_STRICT_OBJC_MSGSEND = YES;
				ENABLE_TESTABILITY = YES;
				ENABLE_USER_SCRIPT_SANDBOXING = YES;
				GCC_C_LANGUAGE_STANDARD = gnu17;
				GCC_DYNAMIC_NO_PIC = NO;
				GCC_NO_COMMON_BLOCKS = YES;
				GCC_OPTIMIZATION_LEVEL = 0;
				GCC_PREPROCESSOR_DEFINITIONS = (
					"DEBUG=1",
					"$(inherited)",
				);
				GCC_WARN_64_TO_32_BIT_CONVERSION = YES;
				GCC_WARN_ABOUT_RETURN_TYPE = YES_ERROR;
				GCC_WARN_UNDECLARED_SELECTOR = YES;
				GCC_WARN_UNINITIALIZED_AUTOS = YES_AGGRESSIVE;
				GCC_WARN_UNUSED_FUNCTION = YES;
				GCC_WARN_UNUSED_VARIABLE = YES;
				IPHONEOS_DEPLOYMENT_TARGET = 17.5;
				LOCALIZATION_PREFERS_STRING_CATALOGS = YES;
				MTL_ENABLE_DEBUG_INFO = INCLUDE_SOURCE;
				MTL_FAST_MATH = YES;
				ONLY_ACTIVE_ARCH = YES;
				SDKROOT = iphoneos;
				SWIFT_ACTIVE_COMPILATION_CONDITIONS = "DEBUG $(inherited)";
				SWIFT_OPTIMIZATION_LEVEL = "-Onone";
			};
			name = Debug;
		};
		BAB8B4E02C7A1EBE00094339 /* Release */ = {
			isa = XCBuildConfiguration;
			buildSettings = {
				ALWAYS_SEARCH_USER_PATHS = NO;
				ASSETCATALOG_COMPILER_GENERATE_SWIFT_ASSET_SYMBOL_EXTENSIONS = YES;
				CLANG_ANALYZER_NONNULL = YES;
				CLANG_ANALYZER_NUMBER_OBJECT_CONVERSION = YES_AGGRESSIVE;
				CLANG_CXX_LANGUAGE_STANDARD = "gnu++20";
				CLANG_ENABLE_MODULES = YES;
				CLANG_ENABLE_OBJC_ARC = YES;
				CLANG_ENABLE_OBJC_WEAK = YES;
				CLANG_WARN_BLOCK_CAPTURE_AUTORELEASING = YES;
				CLANG_WARN_BOOL_CONVERSION = YES;
				CLANG_WARN_COMMA = YES;
				CLANG_WARN_CONSTANT_CONVERSION = YES;
				CLANG_WARN_DEPRECATED_OBJC_IMPLEMENTATIONS = YES;
				CLANG_WARN_DIRECT_OBJC_ISA_USAGE = YES_ERROR;
				CLANG_WARN_DOCUMENTATION_COMMENTS = YES;
				CLANG_WARN_EMPTY_BODY = YES;
				CLANG_WARN_ENUM_CONVERSION = YES;
				CLANG_WARN_INFINITE_RECURSION = YES;
				CLANG_WARN_INT_CONVERSION = YES;
				CLANG_WARN_NON_LITERAL_NULL_CONVERSION = YES;
				CLANG_WARN_OBJC_IMPLICIT_RETAIN_SELF = YES;
				CLANG_WARN_OBJC_LITERAL_CONVERSION = YES;
				CLANG_WARN_OBJC_ROOT_CLASS = YES_ERROR;
				CLANG_WARN_QUOTED_INCLUDE_IN_FRAMEWORK_HEADER = YES;
				CLANG_WARN_RANGE_LOOP_ANALYSIS = YES;
				CLANG_WARN_STRICT_PROTOTYPES = YES;
				CLANG_WARN_SUSPICIOUS_MOVE = YES;
				CLANG_WARN_UNGUARDED_AVAILABILITY = YES_AGGRESSIVE;
				CLANG_WARN_UNREACHABLE_CODE = YES;
				CLANG_WARN__DUPLICATE_METHOD_MATCH = YES;
				COPY_PHASE_STRIP = NO;
				DEBUG_INFORMATION_FORMAT = "dwarf-with-dsym";
				ENABLE_NS_ASSERTIONS = NO;
				ENABLE_STRICT_OBJC_MSGSEND = YES;
				ENABLE_USER_SCRIPT_SANDBOXING = YES;
				GCC_C_LANGUAGE_STANDARD = gnu17;
				GCC_NO_COMMON_BLOCKS = YES;
				GCC_WARN_64_TO_32_BIT_CONVERSION = YES;
				GCC_WARN_ABOUT_RETURN_TYPE = YES_ERROR;
				GCC_WARN_UNDECLARED_SELECTOR = YES;
				GCC_WARN_UNINITIALIZED_AUTOS = YES_AGGRESSIVE;
				GCC_WARN_UNUSED_FUNCTION = YES;
				GCC_WARN_UNUSED_VARIABLE = YES;
				IPHONEOS_DEPLOYMENT_TARGET = 17.5;
				LOCALIZATION_PREFERS_STRING_CATALOGS = YES;
				MTL_ENABLE_DEBUG_INFO = NO;
				MTL_FAST_MATH = YES;
				SDKROOT = iphoneos;
				SWIFT_COMPILATION_MODE = wholemodule;
				VALIDATE_PRODUCT = YES;
			};
			name = Release;
		};
		BAB8B4E22C7A1EBE00094339 /* Debug */ = {
			isa = XCBuildConfiguration;
			buildSettings = {
				ASSETCATALOG_COMPILER_APPICON_NAME = AppIcon;
				ASSETCATALOG_COMPILER_GLOBAL_ACCENT_COLOR_NAME = AccentColor;
				CODE_SIGN_STYLE = Automatic;
				CURRENT_PROJECT_VERSION = 1;
				DEVELOPMENT_ASSET_PATHS = "\"FoodDeliveryAdmin/Preview Content\"";
				DEVELOPMENT_TEAM = XGXH98SCV7;
				ENABLE_PREVIEWS = YES;
				GENERATE_INFOPLIST_FILE = YES;
				INFOPLIST_KEY_UIApplicationSceneManifest_Generation = YES;
				INFOPLIST_KEY_UIApplicationSupportsIndirectInputEvents = YES;
				INFOPLIST_KEY_UILaunchScreen_Generation = YES;
				INFOPLIST_KEY_UISupportedInterfaceOrientations_iPad = "UIInterfaceOrientationPortrait UIInterfaceOrientationPortraitUpsideDown UIInterfaceOrientationLandscapeLeft UIInterfaceOrientationLandscapeRight";
				INFOPLIST_KEY_UISupportedInterfaceOrientations_iPhone = "UIInterfaceOrientationPortrait UIInterfaceOrientationLandscapeLeft UIInterfaceOrientationLandscapeRight";
				IPHONEOS_DEPLOYMENT_TARGET = 17.0;
				LD_RUNPATH_SEARCH_PATHS = (
					"$(inherited)",
					"@executable_path/Frameworks",
				);
				MARKETING_VERSION = 1.0;
				PRODUCT_BUNDLE_IDENTIFIER = FoodDelivery.FoodDeliveryAdmin;
				PRODUCT_NAME = "$(TARGET_NAME)";
				SWIFT_EMIT_LOC_STRINGS = YES;
				SWIFT_VERSION = 5.0;
				TARGETED_DEVICE_FAMILY = "1,2";
			};
			name = Debug;
		};
		BAB8B4E32C7A1EBE00094339 /* Release */ = {
			isa = XCBuildConfiguration;
			buildSettings = {
				ASSETCATALOG_COMPILER_APPICON_NAME = AppIcon;
				ASSETCATALOG_COMPILER_GLOBAL_ACCENT_COLOR_NAME = AccentColor;
				CODE_SIGN_STYLE = Automatic;
				CURRENT_PROJECT_VERSION = 1;
				DEVELOPMENT_ASSET_PATHS = "\"FoodDeliveryAdmin/Preview Content\"";
				DEVELOPMENT_TEAM = XGXH98SCV7;
				ENABLE_PREVIEWS = YES;
				GENERATE_INFOPLIST_FILE = YES;
				INFOPLIST_KEY_UIApplicationSceneManifest_Generation = YES;
				INFOPLIST_KEY_UIApplicationSupportsIndirectInputEvents = YES;
				INFOPLIST_KEY_UILaunchScreen_Generation = YES;
				INFOPLIST_KEY_UISupportedInterfaceOrientations_iPad = "UIInterfaceOrientationPortrait UIInterfaceOrientationPortraitUpsideDown UIInterfaceOrientationLandscapeLeft UIInterfaceOrientationLandscapeRight";
				INFOPLIST_KEY_UISupportedInterfaceOrientations_iPhone = "UIInterfaceOrientationPortrait UIInterfaceOrientationLandscapeLeft UIInterfaceOrientationLandscapeRight";
				IPHONEOS_DEPLOYMENT_TARGET = 17.0;
				LD_RUNPATH_SEARCH_PATHS = (
					"$(inherited)",
					"@executable_path/Frameworks",
				);
				MARKETING_VERSION = 1.0;
				PRODUCT_BUNDLE_IDENTIFIER = FoodDelivery.FoodDeliveryAdmin;
				PRODUCT_NAME = "$(TARGET_NAME)";
				SWIFT_EMIT_LOC_STRINGS = YES;
				SWIFT_VERSION = 5.0;
				TARGETED_DEVICE_FAMILY = "1,2";
			};
			name = Release;
		};
		BAB8B4E52C7A1EBE00094339 /* Debug */ = {
			isa = XCBuildConfiguration;
			buildSettings = {
				ALWAYS_EMBED_SWIFT_STANDARD_LIBRARIES = YES;
				BUNDLE_LOADER = "$(TEST_HOST)";
				CODE_SIGN_STYLE = Automatic;
				CURRENT_PROJECT_VERSION = 1;
				DEVELOPMENT_TEAM = XGXH98SCV7;
				GENERATE_INFOPLIST_FILE = YES;
				IPHONEOS_DEPLOYMENT_TARGET = 17.5;
				MARKETING_VERSION = 1.0;
				PRODUCT_BUNDLE_IDENTIFIER = FoodDelivery.FoodDeliveryAdminTests;
				PRODUCT_NAME = "$(TARGET_NAME)";
				SWIFT_EMIT_LOC_STRINGS = NO;
				SWIFT_VERSION = 5.0;
				TARGETED_DEVICE_FAMILY = "1,2";
				TEST_HOST = "$(BUILT_PRODUCTS_DIR)/FoodDeliveryAdmin.app/$(BUNDLE_EXECUTABLE_FOLDER_PATH)/FoodDeliveryAdmin";
			};
			name = Debug;
		};
		BAB8B4E62C7A1EBE00094339 /* Release */ = {
			isa = XCBuildConfiguration;
			buildSettings = {
				ALWAYS_EMBED_SWIFT_STANDARD_LIBRARIES = YES;
				BUNDLE_LOADER = "$(TEST_HOST)";
				CODE_SIGN_STYLE = Automatic;
				CURRENT_PROJECT_VERSION = 1;
				DEVELOPMENT_TEAM = XGXH98SCV7;
				GENERATE_INFOPLIST_FILE = YES;
				IPHONEOS_DEPLOYMENT_TARGET = 17.5;
				MARKETING_VERSION = 1.0;
				PRODUCT_BUNDLE_IDENTIFIER = FoodDelivery.FoodDeliveryAdminTests;
				PRODUCT_NAME = "$(TARGET_NAME)";
				SWIFT_EMIT_LOC_STRINGS = NO;
				SWIFT_VERSION = 5.0;
				TARGETED_DEVICE_FAMILY = "1,2";
				TEST_HOST = "$(BUILT_PRODUCTS_DIR)/FoodDeliveryAdmin.app/$(BUNDLE_EXECUTABLE_FOLDER_PATH)/FoodDeliveryAdmin";
			};
			name = Release;
		};
		BAB8B4E82C7A1EBE00094339 /* Debug */ = {
			isa = XCBuildConfiguration;
			buildSettings = {
				ALWAYS_EMBED_SWIFT_STANDARD_LIBRARIES = YES;
				CODE_SIGN_STYLE = Automatic;
				CURRENT_PROJECT_VERSION = 1;
				DEVELOPMENT_TEAM = XGXH98SCV7;
				GENERATE_INFOPLIST_FILE = YES;
				MARKETING_VERSION = 1.0;
				PRODUCT_BUNDLE_IDENTIFIER = FoodDelivery.FoodDeliveryAdminUITests;
				PRODUCT_NAME = "$(TARGET_NAME)";
				SWIFT_EMIT_LOC_STRINGS = NO;
				SWIFT_VERSION = 5.0;
				TARGETED_DEVICE_FAMILY = "1,2";
				TEST_TARGET_NAME = FoodDeliveryAdmin;
			};
			name = Debug;
		};
		BAB8B4E92C7A1EBE00094339 /* Release */ = {
			isa = XCBuildConfiguration;
			buildSettings = {
				ALWAYS_EMBED_SWIFT_STANDARD_LIBRARIES = YES;
				CODE_SIGN_STYLE = Automatic;
				CURRENT_PROJECT_VERSION = 1;
				DEVELOPMENT_TEAM = XGXH98SCV7;
				GENERATE_INFOPLIST_FILE = YES;
				MARKETING_VERSION = 1.0;
				PRODUCT_BUNDLE_IDENTIFIER = FoodDelivery.FoodDeliveryAdminUITests;
				PRODUCT_NAME = "$(TARGET_NAME)";
				SWIFT_EMIT_LOC_STRINGS = NO;
				SWIFT_VERSION = 5.0;
				TARGETED_DEVICE_FAMILY = "1,2";
				TEST_TARGET_NAME = FoodDeliveryAdmin;
			};
			name = Release;
		};
/* End XCBuildConfiguration section */

/* Begin XCConfigurationList section */
		BAB8B4B82C7A1EBC00094339 /* Build configuration list for PBXProject "FoodDeliveryAdmin" */ = {
			isa = XCConfigurationList;
			buildConfigurations = (
				BAB8B4DF2C7A1EBE00094339 /* Debug */,
				BAB8B4E02C7A1EBE00094339 /* Release */,
			);
			defaultConfigurationIsVisible = 0;
			defaultConfigurationName = Release;
		};
		BAB8B4E12C7A1EBE00094339 /* Build configuration list for PBXNativeTarget "FoodDeliveryAdmin" */ = {
			isa = XCConfigurationList;
			buildConfigurations = (
				BAB8B4E22C7A1EBE00094339 /* Debug */,
				BAB8B4E32C7A1EBE00094339 /* Release */,
			);
			defaultConfigurationIsVisible = 0;
			defaultConfigurationName = Release;
		};
		BAB8B4E42C7A1EBE00094339 /* Build configuration list for PBXNativeTarget "FoodDeliveryAdminTests" */ = {
			isa = XCConfigurationList;
			buildConfigurations = (
				BAB8B4E52C7A1EBE00094339 /* Debug */,
				BAB8B4E62C7A1EBE00094339 /* Release */,
			);
			defaultConfigurationIsVisible = 0;
			defaultConfigurationName = Release;
		};
		BAB8B4E72C7A1EBE00094339 /* Build configuration list for PBXNativeTarget "FoodDeliveryAdminUITests" */ = {
			isa = XCConfigurationList;
			buildConfigurations = (
				BAB8B4E82C7A1EBE00094339 /* Debug */,
				BAB8B4E92C7A1EBE00094339 /* Release */,
			);
			defaultConfigurationIsVisible = 0;
			defaultConfigurationName = Release;
		};
/* End XCConfigurationList section */

/* Begin XCRemoteSwiftPackageReference section */
		BAB8B4F22C7A251300094339 /* XCRemoteSwiftPackageReference "firebase-ios-sdk" */ = {
			isa = XCRemoteSwiftPackageReference;
			repositoryURL = "https://github.com/firebase/firebase-ios-sdk";
			requirement = {
				kind = upToNextMajorVersion;
				minimumVersion = 11.1.0;
			};
		};
/* End XCRemoteSwiftPackageReference section */

/* Begin XCSwiftPackageProductDependency section */
		BAB8B4F32C7A251300094339 /* FirebaseAnalytics */ = {
			isa = XCSwiftPackageProductDependency;
			package = BAB8B4F22C7A251300094339 /* XCRemoteSwiftPackageReference "firebase-ios-sdk" */;
			productName = FirebaseAnalytics;
		};
		BAB8B4F52C7A251300094339 /* FirebaseAuth */ = {
			isa = XCSwiftPackageProductDependency;
			package = BAB8B4F22C7A251300094339 /* XCRemoteSwiftPackageReference "firebase-ios-sdk" */;
			productName = FirebaseAuth;
		};
		BAB8B4F72C7A251300094339 /* FirebaseDatabase */ = {
			isa = XCSwiftPackageProductDependency;
			package = BAB8B4F22C7A251300094339 /* XCRemoteSwiftPackageReference "firebase-ios-sdk" */;
			productName = FirebaseDatabase;
		};
		BAB8B4F92C7A251300094339 /* FirebaseFirestore */ = {
			isa = XCSwiftPackageProductDependency;
			package = BAB8B4F22C7A251300094339 /* XCRemoteSwiftPackageReference "firebase-ios-sdk" */;
			productName = FirebaseFirestore;
		};
		BAB8B4FB2C7A251300094339 /* FirebaseStorage */ = {
			isa = XCSwiftPackageProductDependency;
			package = BAB8B4F22C7A251300094339 /* XCRemoteSwiftPackageReference "firebase-ios-sdk" */;
			productName = FirebaseStorage;
		};
		BAB8B4FE2C7A252A00094339 /* FirebaseAuthCombine-Community */ = {
			isa = XCSwiftPackageProductDependency;
			package = BAB8B4F22C7A251300094339 /* XCRemoteSwiftPackageReference "firebase-ios-sdk" */;
			productName = "FirebaseAuthCombine-Community";
		};
		BAB8B5002C7A252A00094339 /* FirebaseCrashlytics */ = {
			isa = XCSwiftPackageProductDependency;
			package = BAB8B4F22C7A251300094339 /* XCRemoteSwiftPackageReference "firebase-ios-sdk" */;
			productName = FirebaseCrashlytics;
		};
/* End XCSwiftPackageProductDependency section */
	};
	rootObject = BAB8B4B52C7A1EBC00094339 /* Project object */;
}
